
Microsoft Visual Studio Solution File, Format Version 12.00
# Visual Studio 2012
Project("{FAE04EC0-301F-11D3-BF4B-00C04F79EFBC}") = "EditText", "EditText.csproj", "{9795AEDB-F984-456D-A918-B47A6169CEE1}"
EndProject
Global
	GlobalSection(SolutionConfigurationPlatforms) = preSolution
		Debug|iPhoneSimulator = Debug|iPhoneSimulator
		Release|iPhone = Release|iPhone
		Release|iPhoneSimulator = Release|iPhoneSimulator
		Debug|iPhone = Debug|iPhone
	EndGlobalSection
	GlobalSection(ProjectConfigurationPlatforms) = postSolution
		{9795AEDB-F984-456D-A918-B47A6169CEE1}.Debug|iPhoneSimulator.ActiveCfg = Debug|iPhoneSimulator
		{9795AEDB-F984-456D-A918-B47A6169CEE1}.Debug|iPhoneSimulator.Build.0 = Debug|iPhoneSimulator
		{9795AEDB-F984-456D-A918-B47A6169CEE1}.Release|iPhone.ActiveCfg = Release|iPhone
		{9795AEDB-F984-456D-A918-B47A6169CEE1}.Release|iPhone.Build.0 = Release|iPhone
		{9795AEDB-F984-456D-A918-B47A6169CEE1}.Release|iPhoneSimulator.ActiveCfg = Release|iPhoneSimulator
		{9795AEDB-F984-456D-A918-B47A6169CEE1}.Release|iPhoneSimulator.Build.0 = Release|iPhoneSimulator
		{9795AEDB-F984-456D-A918-B47A6169CEE1}.Debug|iPhone.ActiveCfg = Debug|iPhone
		{9795AEDB-F984-456D-A918-B47A6169CEE1}.Debug|iPhone.Build.0 = Debug|iPhone
	EndGlobalSection
EndGlobal
